
Microsoft Visual Studio Solution File, Format Version 12.00
# Visual Studio Version 16
VisualStudioVersion = 16.0.30503.244
MinimumVisualStudioVersion = 10.0.40219.1
Project("{FAE04EC0-301F-11D3-BF4B-00C04F79EFBC}") = "Account", "Account\Account.csproj", "{37D94FCC-A10E-498B-BD0B-1749FEFE9459}"
EndProject
Global
	GlobalSection(SolutionConfigurationPlatforms) = preSolution
		Debug|Any CPU = Debug|Any CPU
		Release|Any CPU = Release|Any CPU
	EndGlobalSection
	GlobalSection(ProjectConfigurationPlatforms) = postSolution
		{37D94FCC-A10E-498B-BD0B-1749FEFE9459}.Debug|Any CPU.ActiveCfg = Debug|Any CPU
		{37D94FCC-A10E-498B-BD0B-1749FEFE9459}.Debug|Any CPU.Build.0 = Debug|Any CPU
		{37D94FCC-A10E-498B-BD0B-1749FEFE9459}.Release|Any CPU.ActiveCfg = Release|Any CPU
		{37D94FCC-A10E-498B-BD0B-1749FEFE9459}.Release|Any CPU.Build.0 = Release|Any CPU
	EndGlobalSection
	GlobalSection(SolutionProperties) = preSolution
		HideSolutionNode = FALSE
	EndGlobalSection
	GlobalSection(ExtensibilityGlobals) = postSolution
		SolutionGuid = {EC043825-F14C-4C28-97F0-84A764D3E764}
	EndGlobalSection
EndGlobal
